// !$*UTF8*$!
{
	archiveVersion = 1;
	classes = {
	};
	objectVersion = 46;
	objects = {

/* Begin PBXBuildFile section */
		1D57125A1E4656B4000492E1 /* NewMessageController.swift in Sources */ = {isa = PBXBuildFile; fileRef = 1D5712591E4656B4000492E1 /* NewMessageController.swift */; };
		1D57125D1E465CA8000492E1 /* User.swift in Sources */ = {isa = PBXBuildFile; fileRef = 1D57125C1E465CA8000492E1 /* User.swift */; };
		1D9348EA1E42562700E47097 /* AppDelegate.swift in Sources */ = {isa = PBXBuildFile; fileRef = 1D9348E91E42562700E47097 /* AppDelegate.swift */; };
		1D9348EC1E42562700E47097 /* MessagesController.swift in Sources */ = {isa = PBXBuildFile; fileRef = 1D9348EB1E42562700E47097 /* MessagesController.swift */; };
		1D9348EF1E42562700E47097 /* Main.storyboard in Resources */ = {isa = PBXBuildFile; fileRef = 1D9348ED1E42562700E47097 /* Main.storyboard */; };
		1D9348F11E42562700E47097 /* Assets.xcassets in Resources */ = {isa = PBXBuildFile; fileRef = 1D9348F01E42562700E47097 /* Assets.xcassets */; };
		1D9348F41E42562700E47097 /* LaunchScreen.storyboard in Resources */ = {isa = PBXBuildFile; fileRef = 1D9348F21E42562700E47097 /* LaunchScreen.storyboard */; };
		1D9348FF1E42562700E47097 /* FirebaseChatAppTests.swift in Sources */ = {isa = PBXBuildFile; fileRef = 1D9348FE1E42562700E47097 /* FirebaseChatAppTests.swift */; };
		1D93490A1E42562700E47097 /* FirebaseChatAppUITests.swift in Sources */ = {isa = PBXBuildFile; fileRef = 1D9349091E42562700E47097 /* FirebaseChatAppUITests.swift */; };
		1D9349191E425C6900E47097 /* LoginController.swift in Sources */ = {isa = PBXBuildFile; fileRef = 1D9349181E425C6900E47097 /* LoginController.swift */; };
		1D93491B1E42828100E47097 /* GoogleService-Info.plist in Resources */ = {isa = PBXBuildFile; fileRef = 1D93491A1E42828100E47097 /* GoogleService-Info.plist */; };
		80EE71C32842113A8D096294 /* Pods_FirebaseChatApp.framework in Frameworks */ = {isa = PBXBuildFile; fileRef = 11C76206CC192F4CAAFAA31D /* Pods_FirebaseChatApp.framework */; };
		9299C448352B9270E70C23FA /* Pods_FirebaseChatAppUITests.framework in Frameworks */ = {isa = PBXBuildFile; fileRef = 6CA652340609E16F68C31748 /* Pods_FirebaseChatAppUITests.framework */; };
		FD702C8FEF2DE774A746C5C5 /* Pods_FirebaseChatAppTests.framework in Frameworks */ = {isa = PBXBuildFile; fileRef = 60135ED84D5DB864613DAD91 /* Pods_FirebaseChatAppTests.framework */; };
/* End PBXBuildFile section */

/* Begin PBXContainerItemProxy section */
		1D9348FB1E42562700E47097 /* PBXContainerItemProxy */ = {
			isa = PBXContainerItemProxy;
			containerPortal = 1D9348DE1E42562700E47097 /* Project object */;
			proxyType = 1;
			remoteGlobalIDString = 1D9348E51E42562700E47097;
			remoteInfo = FirebaseChatApp;
		};
		1D9349061E42562700E47097 /* PBXContainerItemProxy */ = {
			isa = PBXContainerItemProxy;
			containerPortal = 1D9348DE1E42562700E47097 /* Project object */;
			proxyType = 1;
			remoteGlobalIDString = 1D9348E51E42562700E47097;
			remoteInfo = FirebaseChatApp;
		};
/* End PBXContainerItemProxy section */

/* Begin PBXFileReference section */
		11C76206CC192F4CAAFAA31D /* Pods_FirebaseChatApp.framework */ = {isa = PBXFileReference; explicitFileType = wrapper.framework; includeInIndex = 0; path = Pods_FirebaseChatApp.framework; sourceTree = BUILT_PRODUCTS_DIR; };
		15C231F1DAE8ADC2384D5F09 /* Pods-FirebaseChatAppUITests.debug.xcconfig */ = {isa = PBXFileReference; includeInIndex = 1; lastKnownFileType = text.xcconfig; name = "Pods-FirebaseChatAppUITests.debug.xcconfig"; path = "Pods/Target Support Files/Pods-FirebaseChatAppUITests/Pods-FirebaseChatAppUITests.debug.xcconfig"; sourceTree = "<group>"; };
		1D5712591E4656B4000492E1 /* NewMessageController.swift */ = {isa = PBXFileReference; fileEncoding = 4; lastKnownFileType = sourcecode.swift; path = NewMessageController.swift; sourceTree = "<group>"; };
		1D57125C1E465CA8000492E1 /* User.swift */ = {isa = PBXFileReference; fileEncoding = 4; lastKnownFileType = sourcecode.swift; path = User.swift; sourceTree = "<group>"; };
		1D9348E61E42562700E47097 /* FirebaseChatApp.app */ = {isa = PBXFileReference; explicitFileType = wrapper.application; includeInIndex = 0; path = FirebaseChatApp.app; sourceTree = BUILT_PRODUCTS_DIR; };
		1D9348E91E42562700E47097 /* AppDelegate.swift */ = {isa = PBXFileReference; lastKnownFileType = sourcecode.swift; path = AppDelegate.swift; sourceTree = "<group>"; };
		1D9348EB1E42562700E47097 /* MessagesController.swift */ = {isa = PBXFileReference; lastKnownFileType = sourcecode.swift; path = MessagesController.swift; sourceTree = "<group>"; };
		1D9348EE1E42562700E47097 /* Base */ = {isa = PBXFileReference; lastKnownFileType = file.storyboard; name = Base; path = Base.lproj/Main.storyboard; sourceTree = "<group>"; };
		1D9348F01E42562700E47097 /* Assets.xcassets */ = {isa = PBXFileReference; lastKnownFileType = folder.assetcatalog; path = Assets.xcassets; sourceTree = "<group>"; };
		1D9348F31E42562700E47097 /* Base */ = {isa = PBXFileReference; lastKnownFileType = file.storyboard; name = Base; path = Base.lproj/LaunchScreen.storyboard; sourceTree = "<group>"; };
		1D9348F51E42562700E47097 /* Info.plist */ = {isa = PBXFileReference; lastKnownFileType = text.plist.xml; path = Info.plist; sourceTree = "<group>"; };
		1D9348FA1E42562700E47097 /* FirebaseChatAppTests.xctest */ = {isa = PBXFileReference; explicitFileType = wrapper.cfbundle; includeInIndex = 0; path = FirebaseChatAppTests.xctest; sourceTree = BUILT_PRODUCTS_DIR; };
		1D9348FE1E42562700E47097 /* FirebaseChatAppTests.swift */ = {isa = PBXFileReference; lastKnownFileType = sourcecode.swift; path = FirebaseChatAppTests.swift; sourceTree = "<group>"; };
		1D9349001E42562700E47097 /* Info.plist */ = {isa = PBXFileReference; lastKnownFileType = text.plist.xml; path = Info.plist; sourceTree = "<group>"; };
		1D9349051E42562700E47097 /* FirebaseChatAppUITests.xctest */ = {isa = PBXFileReference; explicitFileType = wrapper.cfbundle; includeInIndex = 0; path = FirebaseChatAppUITests.xctest; sourceTree = BUILT_PRODUCTS_DIR; };
		1D9349091E42562700E47097 /* FirebaseChatAppUITests.swift */ = {isa = PBXFileReference; lastKnownFileType = sourcecode.swift; path = FirebaseChatAppUITests.swift; sourceTree = "<group>"; };
		1D93490B1E42562700E47097 /* Info.plist */ = {isa = PBXFileReference; lastKnownFileType = text.plist.xml; path = Info.plist; sourceTree = "<group>"; };
		1D9349181E425C6900E47097 /* LoginController.swift */ = {isa = PBXFileReference; fileEncoding = 4; lastKnownFileType = sourcecode.swift; path = LoginController.swift; sourceTree = "<group>"; };
		1D93491A1E42828100E47097 /* GoogleService-Info.plist */ = {isa = PBXFileReference; fileEncoding = 4; lastKnownFileType = text.plist.xml; path = "GoogleService-Info.plist"; sourceTree = "<group>"; };
		3A235B151793127D2D6B717F /* Pods-FirebaseChatApp.debug.xcconfig */ = {isa = PBXFileReference; includeInIndex = 1; lastKnownFileType = text.xcconfig; name = "Pods-FirebaseChatApp.debug.xcconfig"; path = "Pods/Target Support Files/Pods-FirebaseChatApp/Pods-FirebaseChatApp.debug.xcconfig"; sourceTree = "<group>"; };
		60135ED84D5DB864613DAD91 /* Pods_FirebaseChatAppTests.framework */ = {isa = PBXFileReference; explicitFileType = wrapper.framework; includeInIndex = 0; path = Pods_FirebaseChatAppTests.framework; sourceTree = BUILT_PRODUCTS_DIR; };
		6CA652340609E16F68C31748 /* Pods_FirebaseChatAppUITests.framework */ = {isa = PBXFileReference; explicitFileType = wrapper.framework; includeInIndex = 0; path = Pods_FirebaseChatAppUITests.framework; sourceTree = BUILT_PRODUCTS_DIR; };
		7BF47A7D2A71213ED7F02FDD /* Pods-FirebaseChatAppUITests.release.xcconfig */ = {isa = PBXFileReference; includeInIndex = 1; lastKnownFileType = text.xcconfig; name = "Pods-FirebaseChatAppUITests.release.xcconfig"; path = "Pods/Target Support Files/Pods-FirebaseChatAppUITests/Pods-FirebaseChatAppUITests.release.xcconfig"; sourceTree = "<group>"; };
		8FE2BAFFBC604667720B28AD /* Pods-FirebaseChatAppTests.debug.xcconfig */ = {isa = PBXFileReference; includeInIndex = 1; lastKnownFileType = text.xcconfig; name = "Pods-FirebaseChatAppTests.debug.xcconfig"; path = "Pods/Target Support Files/Pods-FirebaseChatAppTests/Pods-FirebaseChatAppTests.debug.xcconfig"; sourceTree = "<group>"; };
		ABDFF92AA90905C39F3377E3 /* Pods-FirebaseChatAppTests.release.xcconfig */ = {isa = PBXFileReference; includeInIndex = 1; lastKnownFileType = text.xcconfig; name = "Pods-FirebaseChatAppTests.release.xcconfig"; path = "Pods/Target Support Files/Pods-FirebaseChatAppTests/Pods-FirebaseChatAppTests.release.xcconfig"; sourceTree = "<group>"; };
		BB13B12FD1A76C0FD30FD5D9 /* Pods-FirebaseChatApp.release.xcconfig */ = {isa = PBXFileReference; includeInIndex = 1; lastKnownFileType = text.xcconfig; name = "Pods-FirebaseChatApp.release.xcconfig"; path = "Pods/Target Support Files/Pods-FirebaseChatApp/Pods-FirebaseChatApp.release.xcconfig"; sourceTree = "<group>"; };
/* End PBXFileReference section */

/* Begin PBXFrameworksBuildPhase section */
		1D9348E31E42562700E47097 /* Frameworks */ = {
			isa = PBXFrameworksBuildPhase;
			buildActionMask = 2147483647;
			files = (
				80EE71C32842113A8D096294 /* Pods_FirebaseChatApp.framework in Frameworks */,
			);
			runOnlyForDeploymentPostprocessing = 0;
		};
		1D9348F71E42562700E47097 /* Frameworks */ = {
			isa = PBXFrameworksBuildPhase;
			buildActionMask = 2147483647;
			files = (
				FD702C8FEF2DE774A746C5C5 /* Pods_FirebaseChatAppTests.framework in Frameworks */,
			);
			runOnlyForDeploymentPostprocessing = 0;
		};
		1D9349021E42562700E47097 /* Frameworks */ = {
			isa = PBXFrameworksBuildPhase;
			buildActionMask = 2147483647;
			files = (
				9299C448352B9270E70C23FA /* Pods_FirebaseChatAppUITests.framework in Frameworks */,
			);
			runOnlyForDeploymentPostprocessing = 0;
		};
/* End PBXFrameworksBuildPhase section */

/* Begin PBXGroup section */
		138B31121F9D679C7DA5A532 /* Frameworks */ = {
			isa = PBXGroup;
			children = (
				11C76206CC192F4CAAFAA31D /* Pods_FirebaseChatApp.framework */,
				60135ED84D5DB864613DAD91 /* Pods_FirebaseChatAppTests.framework */,
				6CA652340609E16F68C31748 /* Pods_FirebaseChatAppUITests.framework */,
			);
			name = Frameworks;
			sourceTree = "<group>";
		};
		1D57125B1E465C91000492E1 /* Model */ = {
			isa = PBXGroup;
			children = (
				1D57125C1E465CA8000492E1 /* User.swift */,
			);
			name = Model;
			sourceTree = "<group>";
		};
		1D9348DD1E42562700E47097 = {
			isa = PBXGroup;
			children = (
				1D9348E81E42562700E47097 /* FirebaseChatApp */,
				1D9348FD1E42562700E47097 /* FirebaseChatAppTests */,
				1D9349081E42562700E47097 /* FirebaseChatAppUITests */,
				1D9348E71E42562700E47097 /* Products */,
				B52F3FB551F43F63F5E0C4B7 /* Pods */,
				138B31121F9D679C7DA5A532 /* Frameworks */,
			);
			sourceTree = "<group>";
		};
		1D9348E71E42562700E47097 /* Products */ = {
			isa = PBXGroup;
			children = (
				1D9348E61E42562700E47097 /* FirebaseChatApp.app */,
				1D9348FA1E42562700E47097 /* FirebaseChatAppTests.xctest */,
				1D9349051E42562700E47097 /* FirebaseChatAppUITests.xctest */,
			);
			name = Products;
			sourceTree = "<group>";
		};
		1D9348E81E42562700E47097 /* FirebaseChatApp */ = {
			isa = PBXGroup;
			children = (
				1D57125B1E465C91000492E1 /* Model */,
				1D9349171E425BC500E47097 /* Controller */,
				1D9348E91E42562700E47097 /* AppDelegate.swift */,
				1D9348ED1E42562700E47097 /* Main.storyboard */,
				1D9348F01E42562700E47097 /* Assets.xcassets */,
				1D9348F21E42562700E47097 /* LaunchScreen.storyboard */,
				1D9348F51E42562700E47097 /* Info.plist */,
				1D93491A1E42828100E47097 /* GoogleService-Info.plist */,
			);
			path = FirebaseChatApp;
			sourceTree = "<group>";
		};
		1D9348FD1E42562700E47097 /* FirebaseChatAppTests */ = {
			isa = PBXGroup;
			children = (
				1D9348FE1E42562700E47097 /* FirebaseChatAppTests.swift */,
				1D9349001E42562700E47097 /* Info.plist */,
			);
			path = FirebaseChatAppTests;
			sourceTree = "<group>";
		};
		1D9349081E42562700E47097 /* FirebaseChatAppUITests */ = {
			isa = PBXGroup;
			children = (
				1D9349091E42562700E47097 /* FirebaseChatAppUITests.swift */,
				1D93490B1E42562700E47097 /* Info.plist */,
			);
			path = FirebaseChatAppUITests;
			sourceTree = "<group>";
		};
		1D9349171E425BC500E47097 /* Controller */ = {
			isa = PBXGroup;
			children = (
				1D9348EB1E42562700E47097 /* MessagesController.swift */,
				1D9349181E425C6900E47097 /* LoginController.swift */,
				1D5712591E4656B4000492E1 /* NewMessageController.swift */,
			);
			name = Controller;
			sourceTree = "<group>";
		};
		B52F3FB551F43F63F5E0C4B7 /* Pods */ = {
			isa = PBXGroup;
			children = (
				3A235B151793127D2D6B717F /* Pods-FirebaseChatApp.debug.xcconfig */,
				BB13B12FD1A76C0FD30FD5D9 /* Pods-FirebaseChatApp.release.xcconfig */,
				8FE2BAFFBC604667720B28AD /* Pods-FirebaseChatAppTests.debug.xcconfig */,
				ABDFF92AA90905C39F3377E3 /* Pods-FirebaseChatAppTests.release.xcconfig */,
				15C231F1DAE8ADC2384D5F09 /* Pods-FirebaseChatAppUITests.debug.xcconfig */,
				7BF47A7D2A71213ED7F02FDD /* Pods-FirebaseChatAppUITests.release.xcconfig */,
			);
			name = Pods;
			sourceTree = "<group>";
		};
/* End PBXGroup section */

/* Begin PBXNativeTarget section */
		1D9348E51E42562700E47097 /* FirebaseChatApp */ = {
			isa = PBXNativeTarget;
			buildConfigurationList = 1D93490E1E42562700E47097 /* Build configuration list for PBXNativeTarget "FirebaseChatApp" */;
			buildPhases = (
				AE999495D159AC4F415135D0 /* [CP] Check Pods Manifest.lock */,
				1D9348E21E42562700E47097 /* Sources */,
				1D9348E31E42562700E47097 /* Frameworks */,
				1D9348E41E42562700E47097 /* Resources */,
				01CC11FED111EBC490E49C54 /* [CP] Embed Pods Frameworks */,
				682311B9EA89C1DCCBFCDA85 /* [CP] Copy Pods Resources */,
			);
			buildRules = (
			);
			dependencies = (
			);
			name = FirebaseChatApp;
			productName = FirebaseChatApp;
			productReference = 1D9348E61E42562700E47097 /* FirebaseChatApp.app */;
			productType = "com.apple.product-type.application";
		};
		1D9348F91E42562700E47097 /* FirebaseChatAppTests */ = {
			isa = PBXNativeTarget;
			buildConfigurationList = 1D9349111E42562700E47097 /* Build configuration list for PBXNativeTarget "FirebaseChatAppTests" */;
			buildPhases = (
				7FE25B4ECBD4B8BC7A28B636 /* [CP] Check Pods Manifest.lock */,
				1D9348F61E42562700E47097 /* Sources */,
				1D9348F71E42562700E47097 /* Frameworks */,
				1D9348F81E42562700E47097 /* Resources */,
				70CC3967C63936599F6A82E0 /* [CP] Embed Pods Frameworks */,
				5F8399402BCEA8F3E28B2782 /* [CP] Copy Pods Resources */,
			);
			buildRules = (
			);
			dependencies = (
				1D9348FC1E42562700E47097 /* PBXTargetDependency */,
			);
			name = FirebaseChatAppTests;
			productName = FirebaseChatAppTests;
			productReference = 1D9348FA1E42562700E47097 /* FirebaseChatAppTests.xctest */;
			productType = "com.apple.product-type.bundle.unit-test";
		};
		1D9349041E42562700E47097 /* FirebaseChatAppUITests */ = {
			isa = PBXNativeTarget;
			buildConfigurationList = 1D9349141E42562700E47097 /* Build configuration list for PBXNativeTarget "FirebaseChatAppUITests" */;
			buildPhases = (
				F07D82AC40F6CE222E3AC2A8 /* [CP] Check Pods Manifest.lock */,
				1D9349011E42562700E47097 /* Sources */,
				1D9349021E42562700E47097 /* Frameworks */,
				1D9349031E42562700E47097 /* Resources */,
				126F597C1AB151D3A47C535D /* [CP] Copy Pods Resources */,
			);
			buildRules = (
			);
			dependencies = (
				1D9349071E42562700E47097 /* PBXTargetDependency */,
			);
			name = FirebaseChatAppUITests;
			productName = FirebaseChatAppUITests;
			productReference = 1D9349051E42562700E47097 /* FirebaseChatAppUITests.xctest */;
			productType = "com.apple.product-type.bundle.ui-testing";
		};
/* End PBXNativeTarget section */

/* Begin PBXProject section */
		1D9348DE1E42562700E47097 /* Project object */ = {
			isa = PBXProject;
			attributes = {
				LastSwiftUpdateCheck = 0820;
				LastUpgradeCheck = 0820;
				ORGANIZATIONNAME = "Cesare de Cal";
				TargetAttributes = {
					1D9348E51E42562700E47097 = {
						CreatedOnToolsVersion = 8.2.1;
						DevelopmentTeam = G99G8858YN;
						ProvisioningStyle = Automatic;
					};
					1D9348F91E42562700E47097 = {
						CreatedOnToolsVersion = 8.2.1;
						DevelopmentTeam = G99G8858YN;
						ProvisioningStyle = Automatic;
						TestTargetID = 1D9348E51E42562700E47097;
					};
					1D9349041E42562700E47097 = {
						CreatedOnToolsVersion = 8.2.1;
						DevelopmentTeam = G99G8858YN;
						ProvisioningStyle = Automatic;
						TestTargetID = 1D9348E51E42562700E47097;
					};
				};
			};
			buildConfigurationList = 1D9348E11E42562700E47097 /* Build configuration list for PBXProject "FirebaseChatApp" */;
			compatibilityVersion = "Xcode 3.2";
			developmentRegion = English;
			hasScannedForEncodings = 0;
			knownRegions = (
				en,
				Base,
			);
			mainGroup = 1D9348DD1E42562700E47097;
			productRefGroup = 1D9348E71E42562700E47097 /* Products */;
			projectDirPath = "";
			projectRoot = "";
			targets = (
				1D9348E51E42562700E47097 /* FirebaseChatApp */,
				1D9348F91E42562700E47097 /* FirebaseChatAppTests */,
				1D9349041E42562700E47097 /* FirebaseChatAppUITests */,
			);
		};
/* End PBXProject section */

/* Begin PBXResourcesBuildPhase section */
		1D9348E41E42562700E47097 /* Resources */ = {
			isa = PBXResourcesBuildPhase;
			buildActionMask = 2147483647;
			files = (
				1D9348F41E42562700E47097 /* LaunchScreen.storyboard in Resources */,
				1D93491B1E42828100E47097 /* GoogleService-Info.plist in Resources */,
				1D9348F11E42562700E47097 /* Assets.xcassets in Resources */,
				1D9348EF1E42562700E47097 /* Main.storyboard in Resources */,
			);
			runOnlyForDeploymentPostprocessing = 0;
		};
		1D9348F81E42562700E47097 /* Resources */ = {
			isa = PBXResourcesBuildPhase;
			buildActionMask = 2147483647;
			files = (
			);
			runOnlyForDeploymentPostprocessing = 0;
		};
		1D9349031E42562700E47097 /* Resources */ = {
			isa = PBXResourcesBuildPhase;
			buildActionMask = 2147483647;
			files = (
			);
			runOnlyForDeploymentPostprocessing = 0;
		};
/* End PBXResourcesBuildPhase section */

/* Begin PBXShellScriptBuildPhase section */
		01CC11FED111EBC490E49C54 /* [CP] Embed Pods Frameworks */ = {
			isa = PBXShellScriptBuildPhase;
			buildActionMask = 2147483647;
			files = (
			);
			inputPaths = (
			);
			name = "[CP] Embed Pods Frameworks";
			outputPaths = (
			);
			runOnlyForDeploymentPostprocessing = 0;
			shellPath = /bin/sh;
			shellScript = "\"${SRCROOT}/Pods/Target Support Files/Pods-FirebaseChatApp/Pods-FirebaseChatApp-frameworks.sh\"\n";
			showEnvVarsInLog = 0;
		};
		126F597C1AB151D3A47C535D /* [CP] Copy Pods Resources */ = {
			isa = PBXShellScriptBuildPhase;
			buildActionMask = 2147483647;
			files = (
			);
			inputPaths = (
			);
			name = "[CP] Copy Pods Resources";
			outputPaths = (
			);
			runOnlyForDeploymentPostprocessing = 0;
			shellPath = /bin/sh;
			shellScript = "\"${SRCROOT}/Pods/Target Support Files/Pods-FirebaseChatAppUITests/Pods-FirebaseChatAppUITests-resources.sh\"\n";
			showEnvVarsInLog = 0;
		};
		5F8399402BCEA8F3E28B2782 /* [CP] Copy Pods Resources */ = {
			isa = PBXShellScriptBuildPhase;
			buildActionMask = 2147483647;
			files = (
			);
			inputPaths = (
			);
			name = "[CP] Copy Pods Resources";
			outputPaths = (
			);
			runOnlyForDeploymentPostprocessing = 0;
			shellPath = /bin/sh;
			shellScript = "\"${SRCROOT}/Pods/Target Support Files/Pods-FirebaseChatAppTests/Pods-FirebaseChatAppTests-resources.sh\"\n";
			showEnvVarsInLog = 0;
		};
		682311B9EA89C1DCCBFCDA85 /* [CP] Copy Pods Resources */ = {
			isa = PBXShellScriptBuildPhase;
			buildActionMask = 2147483647;
			files = (
			);
			inputPaths = (
			);
			name = "[CP] Copy Pods Resources";
			outputPaths = (
			);
			runOnlyForDeploymentPostprocessing = 0;
			shellPath = /bin/sh;
			shellScript = "\"${SRCROOT}/Pods/Target Support Files/Pods-FirebaseChatApp/Pods-FirebaseChatApp-resources.sh\"\n";
			showEnvVarsInLog = 0;
		};
		70CC3967C63936599F6A82E0 /* [CP] Embed Pods Frameworks */ = {
			isa = PBXShellScriptBuildPhase;
			buildActionMask = 2147483647;
			files = (
			);
			inputPaths = (
			);
			name = "[CP] Embed Pods Frameworks";
			outputPaths = (
			);
			runOnlyForDeploymentPostprocessing = 0;
			shellPath = /bin/sh;
			shellScript = "\"${SRCROOT}/Pods/Target Support Files/Pods-FirebaseChatAppTests/Pods-FirebaseChatAppTests-frameworks.sh\"\n";
			showEnvVarsInLog = 0;
		};
		7FE25B4ECBD4B8BC7A28B636 /* [CP] Check Pods Manifest.lock */ = {
			isa = PBXShellScriptBuildPhase;
			buildActionMask = 2147483647;
			files = (
			);
			inputPaths = (
			);
			name = "[CP] Check Pods Manifest.lock";
			outputPaths = (
			);
			runOnlyForDeploymentPostprocessing = 0;
			shellPath = /bin/sh;
			shellScript = "diff \"${PODS_ROOT}/../Podfile.lock\" \"${PODS_ROOT}/Manifest.lock\" > /dev/null\nif [[ $? != 0 ]] ; then\n    cat << EOM\nerror: The sandbox is not in sync with the Podfile.lock. Run 'pod install' or update your CocoaPods installation.\nEOM\n    exit 1\nfi\n";
			showEnvVarsInLog = 0;
		};
		AE999495D159AC4F415135D0 /* [CP] Check Pods Manifest.lock */ = {
			isa = PBXShellScriptBuildPhase;
			buildActionMask = 2147483647;
			files = (
			);
			inputPaths = (
			);
			name = "[CP] Check Pods Manifest.lock";
			outputPaths = (
			);
			runOnlyForDeploymentPostprocessing = 0;
			shellPath = /bin/sh;
			shellScript = "diff \"${PODS_ROOT}/../Podfile.lock\" \"${PODS_ROOT}/Manifest.lock\" > /dev/null\nif [[ $? != 0 ]] ; then\n    cat << EOM\nerror: The sandbox is not in sync with the Podfile.lock. Run 'pod install' or update your CocoaPods installation.\nEOM\n    exit 1\nfi\n";
			showEnvVarsInLog = 0;
		};
		F07D82AC40F6CE222E3AC2A8 /* [CP] Check Pods Manifest.lock */ = {
			isa = PBXShellScriptBuildPhase;
			buildActionMask = 2147483647;
			files = (
			);
			inputPaths = (
			);
			name = "[CP] Check Pods Manifest.lock";
			outputPaths = (
			);
			runOnlyForDeploymentPostprocessing = 0;
			shellPath = /bin/sh;
			shellScript = "diff \"${PODS_ROOT}/../Podfile.lock\" \"${PODS_ROOT}/Manifest.lock\" > /dev/null\nif [[ $? != 0 ]] ; then\n    cat << EOM\nerror: The sandbox is not in sync with the Podfile.lock. Run 'pod install' or update your CocoaPods installation.\nEOM\n    exit 1\nfi\n";
			showEnvVarsInLog = 0;
		};
/* End PBXShellScriptBuildPhase section */

/* Begin PBXSourcesBuildPhase section */
		1D9348E21E42562700E47097 /* Sources */ = {
			isa = PBXSourcesBuildPhase;
			buildActionMask = 2147483647;
			files = (
				1D57125A1E4656B4000492E1 /* NewMessageController.swift in Sources */,
				1D9348EC1E42562700E47097 /* MessagesController.swift in Sources */,
				1D9349191E425C6900E47097 /* LoginController.swift in Sources */,
				1D57125D1E465CA8000492E1 /* User.swift in Sources */,
				1D9348EA1E42562700E47097 /* AppDelegate.swift in Sources */,
			);
			runOnlyForDeploymentPostprocessing = 0;
		};
		1D9348F61E42562700E47097 /* Sources */ = {
			isa = PBXSourcesBuildPhase;
			buildActionMask = 2147483647;
			files = (
				1D9348FF1E42562700E47097 /* FirebaseChatAppTests.swift in Sources */,
			);
			runOnlyForDeploymentPostprocessing = 0;
		};
		1D9349011E42562700E47097 /* Sources */ = {
			isa = PBXSourcesBuildPhase;
			buildActionMask = 2147483647;
			files = (
				1D93490A1E42562700E47097 /* FirebaseChatAppUITests.swift in Sources */,
			);
			runOnlyForDeploymentPostprocessing = 0;
		};
/* End PBXSourcesBuildPhase section */

/* Begin PBXTargetDependency section */
		1D9348FC1E42562700E47097 /* PBXTargetDependency */ = {
			isa = PBXTargetDependency;
			target = 1D9348E51E42562700E47097 /* FirebaseChatApp */;
			targetProxy = 1D9348FB1E42562700E47097 /* PBXContainerItemProxy */;
		};
		1D9349071E42562700E47097 /* PBXTargetDependency */ = {
			isa = PBXTargetDependency;
			target = 1D9348E51E42562700E47097 /* FirebaseChatApp */;
			targetProxy = 1D9349061E42562700E47097 /* PBXContainerItemProxy */;
		};
/* End PBXTargetDependency section */

/* Begin PBXVariantGroup section */
		1D9348ED1E42562700E47097 /* Main.storyboard */ = {
			isa = PBXVariantGroup;
			children = (
				1D9348EE1E42562700E47097 /* Base */,
			);
			name = Main.storyboard;
			sourceTree = "<group>";
		};
		1D9348F21E42562700E47097 /* LaunchScreen.storyboard */ = {
			isa = PBXVariantGroup;
			children = (
				1D9348F31E42562700E47097 /* Base */,
			);
			name = LaunchScreen.storyboard;
			sourceTree = "<group>";
		};
/* End PBXVariantGroup section */

/* Begin XCBuildConfiguration section */
		1D93490C1E42562700E47097 /* Debug */ = {
			isa = XCBuildConfiguration;
			buildSettings = {
				ALWAYS_SEARCH_USER_PATHS = NO;
				CLANG_ANALYZER_NONNULL = YES;
				CLANG_CXX_LANGUAGE_STANDARD = "gnu++0x";
				CLANG_CXX_LIBRARY = "libc++";
				CLANG_ENABLE_MODULES = YES;
				CLANG_ENABLE_OBJC_ARC = YES;
				CLANG_WARN_BOOL_CONVERSION = YES;
				CLANG_WARN_CONSTANT_CONVERSION = YES;
				CLANG_WARN_DIRECT_OBJC_ISA_USAGE = YES_ERROR;
				CLANG_WARN_DOCUMENTATION_COMMENTS = YES;
				CLANG_WARN_EMPTY_BODY = YES;
				CLANG_WARN_ENUM_CONVERSION = YES;
				CLANG_WARN_INFINITE_RECURSION = YES;
				CLANG_WARN_INT_CONVERSION = YES;
				CLANG_WARN_OBJC_ROOT_CLASS = YES_ERROR;
				CLANG_WARN_SUSPICIOUS_MOVE = YES;
				CLANG_WARN_UNREACHABLE_CODE = YES;
				CLANG_WARN__DUPLICATE_METHOD_MATCH = YES;
				"CODE_SIGN_IDENTITY[sdk=iphoneos*]" = "iPhone Developer";
				COPY_PHASE_STRIP = NO;
				DEBUG_INFORMATION_FORMAT = dwarf;
				ENABLE_STRICT_OBJC_MSGSEND = YES;
				ENABLE_TESTABILITY = YES;
				GCC_C_LANGUAGE_STANDARD = gnu99;
				GCC_DYNAMIC_NO_PIC = NO;
				GCC_NO_COMMON_BLOCKS = YES;
				GCC_OPTIMIZATION_LEVEL = 0;
				GCC_PREPROCESSOR_DEFINITIONS = (
					"DEBUG=1",
					"$(inherited)",
				);
				GCC_WARN_64_TO_32_BIT_CONVERSION = YES;
				GCC_WARN_ABOUT_RETURN_TYPE = YES_ERROR;
				GCC_WARN_UNDECLARED_SELECTOR = YES;
				GCC_WARN_UNINITIALIZED_AUTOS = YES_AGGRESSIVE;
				GCC_WARN_UNUSED_FUNCTION = YES;
				GCC_WARN_UNUSED_VARIABLE = YES;
				IPHONEOS_DEPLOYMENT_TARGET = 10.2;
				MTL_ENABLE_DEBUG_INFO = YES;
				ONLY_ACTIVE_ARCH = YES;
				SDKROOT = iphoneos;
				SWIFT_ACTIVE_COMPILATION_CONDITIONS = DEBUG;
				SWIFT_OPTIMIZATION_LEVEL = "-Onone";
				TARGETED_DEVICE_FAMILY = "1,2";
			};
			name = Debug;
		};
		1D93490D1E42562700E47097 /* Release */ = {
			isa = XCBuildConfiguration;
			buildSettings = {
				ALWAYS_SEARCH_USER_PATHS = NO;
				CLANG_ANALYZER_NONNULL = YES;
				CLANG_CXX_LANGUAGE_STANDARD = "gnu++0x";
				CLANG_CXX_LIBRARY = "libc++";
				CLANG_ENABLE_MODULES = YES;
				CLANG_ENABLE_OBJC_ARC = YES;
				CLANG_WARN_BOOL_CONVERSION = YES;
				CLANG_WARN_CONSTANT_CONVERSION = YES;
				CLANG_WARN_DIRECT_OBJC_ISA_USAGE = YES_ERROR;
				CLANG_WARN_DOCUMENTATION_COMMENTS = YES;
				CLANG_WARN_EMPTY_BODY = YES;
				CLANG_WARN_ENUM_CONVERSION = YES;
				CLANG_WARN_INFINITE_RECURSION = YES;
				CLANG_WARN_INT_CONVERSION = YES;
				CLANG_WARN_OBJC_ROOT_CLASS = YES_ERROR;
				CLANG_WARN_SUSPICIOUS_MOVE = YES;
				CLANG_WARN_UNREACHABLE_CODE = YES;
				CLANG_WARN__DUPLICATE_METHOD_MATCH = YES;
				"CODE_SIGN_IDENTITY[sdk=iphoneos*]" = "iPhone Developer";
				COPY_PHASE_STRIP = NO;
				DEBUG_INFORMATION_FORMAT = "dwarf-with-dsym";
				ENABLE_NS_ASSERTIONS = NO;
				ENABLE_STRICT_OBJC_MSGSEND = YES;
				GCC_C_LANGUAGE_STANDARD = gnu99;
				GCC_NO_COMMON_BLOCKS = YES;
				GCC_WARN_64_TO_32_BIT_CONVERSION = YES;
				GCC_WARN_ABOUT_RETURN_TYPE = YES_ERROR;
				GCC_WARN_UNDECLARED_SELECTOR = YES;
				GCC_WARN_UNINITIALIZED_AUTOS = YES_AGGRESSIVE;
				GCC_WARN_UNUSED_FUNCTION = YES;
				GCC_WARN_UNUSED_VARIABLE = YES;
				IPHONEOS_DEPLOYMENT_TARGET = 10.2;
				MTL_ENABLE_DEBUG_INFO = NO;
				SDKROOT = iphoneos;
				SWIFT_OPTIMIZATION_LEVEL = "-Owholemodule";
				TARGETED_DEVICE_FAMILY = "1,2";
				VALIDATE_PRODUCT = YES;
			};
			name = Release;
		};
		1D93490F1E42562700E47097 /* Debug */ = {
			isa = XCBuildConfiguration;
			baseConfigurationReference = 3A235B151793127D2D6B717F /* Pods-FirebaseChatApp.debug.xcconfig */;
			buildSettings = {
				ASSETCATALOG_COMPILER_APPICON_NAME = AppIcon;
				DEVELOPMENT_TEAM = G99G8858YN;
				INFOPLIST_FILE = FirebaseChatApp/Info.plist;
				LD_RUNPATH_SEARCH_PATHS = "$(inherited) @executable_path/Frameworks";
				PRODUCT_BUNDLE_IDENTIFIER = com.cesaredecal.FirebaseChatApp;
				PRODUCT_NAME = "$(TARGET_NAME)";
				SWIFT_VERSION = 3.0;
			};
			name = Debug;
		};
		1D9349101E42562700E47097 /* Release */ = {
			isa = XCBuildConfiguration;
			baseConfigurationReference = BB13B12FD1A76C0FD30FD5D9 /* Pods-FirebaseChatApp.release.xcconfig */;
			buildSettings = {
				ASSETCATALOG_COMPILER_APPICON_NAME = AppIcon;
				DEVELOPMENT_TEAM = G99G8858YN;
				INFOPLIST_FILE = FirebaseChatApp/Info.plist;
				LD_RUNPATH_SEARCH_PATHS = "$(inherited) @executable_path/Frameworks";
				PRODUCT_BUNDLE_IDENTIFIER = com.cesaredecal.FirebaseChatApp;
				PRODUCT_NAME = "$(TARGET_NAME)";
				SWIFT_VERSION = 3.0;
			};
			name = Release;
		};
		1D9349121E42562700E47097 /* Debug */ = {
			isa = XCBuildConfiguration;
			baseConfigurationReference = 8FE2BAFFBC604667720B28AD /* Pods-FirebaseChatAppTests.debug.xcconfig */;
			buildSettings = {
				ALWAYS_EMBED_SWIFT_STANDARD_LIBRARIES = YES;
				BUNDLE_LOADER = "$(TEST_HOST)";
				DEVELOPMENT_TEAM = G99G8858YN;
				INFOPLIST_FILE = FirebaseChatAppTests/Info.plist;
				LD_RUNPATH_SEARCH_PATHS = "$(inherited) @executable_path/Frameworks @loader_path/Frameworks";
				PRODUCT_BUNDLE_IDENTIFIER = com.cesaredecal.FirebaseChatAppTests;
				PRODUCT_NAME = "$(TARGET_NAME)";
				SWIFT_VERSION = 3.0;
				TEST_HOST = "$(BUILT_PRODUCTS_DIR)/FirebaseChatApp.app/FirebaseChatApp";
			};
			name = Debug;
		};
		1D9349131E42562700E47097 /* Release */ = {
			isa = XCBuildConfiguration;
			baseConfigurationReference = ABDFF92AA90905C39F3377E3 /* Pods-FirebaseChatAppTests.release.xcconfig */;
			buildSettings = {
				ALWAYS_EMBED_SWIFT_STANDARD_LIBRARIES = YES;
				BUNDLE_LOADER = "$(TEST_HOST)";
				DEVELOPMENT_TEAM = G99G8858YN;
				INFOPLIST_FILE = FirebaseChatAppTests/Info.plist;
				LD_RUNPATH_SEARCH_PATHS = "$(inherited) @executable_path/Frameworks @loader_path/Frameworks";
				PRODUCT_BUNDLE_IDENTIFIER = com.cesaredecal.FirebaseChatAppTests;
				PRODUCT_NAME = "$(TARGET_NAME)";
				SWIFT_VERSION = 3.0;
				TEST_HOST = "$(BUILT_PRODUCTS_DIR)/FirebaseChatApp.app/FirebaseChatApp";
			};
			name = Release;
		};
		1D9349151E42562700E47097 /* Debug */ = {
			isa = XCBuildConfiguration;
			baseConfigurationReference = 15C231F1DAE8ADC2384D5F09 /* Pods-FirebaseChatAppUITests.debug.xcconfig */;
			buildSettings = {
				ALWAYS_EMBED_SWIFT_STANDARD_LIBRARIES = YES;
				DEVELOPMENT_TEAM = G99G8858YN;
				INFOPLIST_FILE = FirebaseChatAppUITests/Info.plist;
				LD_RUNPATH_SEARCH_PATHS = "$(inherited) @executable_path/Frameworks @loader_path/Frameworks";
				PRODUCT_BUNDLE_IDENTIFIER = com.cesaredecal.FirebaseChatAppUITests;
				PRODUCT_NAME = "$(TARGET_NAME)";
				SWIFT_VERSION = 3.0;
				TEST_TARGET_NAME = FirebaseChatApp;
			};
			name = Debug;
		};
		1D9349161E42562700E47097 /* Release */ = {
			isa = XCBuildConfiguration;
			baseConfigurationReference = 7BF47A7D2A71213ED7F02FDD /* Pods-FirebaseChatAppUITests.release.xcconfig */;
			buildSettings = {
				ALWAYS_EMBED_SWIFT_STANDARD_LIBRARIES = YES;
				DEVELOPMENT_TEAM = G99G8858YN;
				INFOPLIST_FILE = FirebaseChatAppUITests/Info.plist;
				LD_RUNPATH_SEARCH_PATHS = "$(inherited) @executable_path/Frameworks @loader_path/Frameworks";
				PRODUCT_BUNDLE_IDENTIFIER = com.cesaredecal.FirebaseChatAppUITests;
				PRODUCT_NAME = "$(TARGET_NAME)";
				SWIFT_VERSION = 3.0;
				TEST_TARGET_NAME = FirebaseChatApp;
			};
			name = Release;
		};
/* End XCBuildConfiguration section */

/* Begin XCConfigurationList section */
		1D9348E11E42562700E47097 /* Build configuration list for PBXProject "FirebaseChatApp" */ = {
			isa = XCConfigurationList;
			buildConfigurations = (
				1D93490C1E42562700E47097 /* Debug */,
				1D93490D1E42562700E47097 /* Release */,
			);
			defaultConfigurationIsVisible = 0;
			defaultConfigurationName = Release;
		};
		1D93490E1E42562700E47097 /* Build configuration list for PBXNativeTarget "FirebaseChatApp" */ = {
			isa = XCConfigurationList;
			buildConfigurations = (
				1D93490F1E42562700E47097 /* Debug */,
				1D9349101E42562700E47097 /* Release */,
			);
			defaultConfigurationIsVisible = 0;
			defaultConfigurationName = Release;
		};
		1D9349111E42562700E47097 /* Build configuration list for PBXNativeTarget "FirebaseChatAppTests" */ = {
			isa = XCConfigurationList;
			buildConfigurations = (
				1D9349121E42562700E47097 /* Debug */,
				1D9349131E42562700E47097 /* Release */,
			);
			defaultConfigurationIsVisible = 0;
			defaultConfigurationName = Release;
		};
		1D9349141E42562700E47097 /* Build configuration list for PBXNativeTarget "FirebaseChatAppUITests" */ = {
			isa = XCConfigurationList;
			buildConfigurations = (
				1D9349151E42562700E47097 /* Debug */,
				1D9349161E42562700E47097 /* Release */,
			);
			defaultConfigurationIsVisible = 0;
			defaultConfigurationName = Release;
		};
/* End XCConfigurationList section */
	};
	rootObject = 1D9348DE1E42562700E47097 /* Project object */;
}
